
Microsoft Visual Studio Solution File, Format Version 12.00
# Visual Studio Version 17
VisualStudioVersion = 17.2.32516.85
MinimumVisualStudioVersion = 10.0.40219.1
Project("{FAE04EC0-301F-11D3-BF4B-00C04F79EFBC}") = "LOTO", "LOTO\LOTO.csproj", "{CF873DFD-4E6C-4379-B8DD-D716A3C2779F}"
EndProject
Global
	GlobalSection(SolutionConfigurationPlatforms) = preSolution
		Debug|Any CPU = Debug|Any CPU
		Release|Any CPU = Release|Any CPU
	EndGlobalSection
	GlobalSection(ProjectConfigurationPlatforms) = postSolution
		{CF873DFD-4E6C-4379-B8DD-D716A3C2779F}.Debug|Any CPU.ActiveCfg = Debug|Any CPU
		{CF873DFD-4E6C-4379-B8DD-D716A3C2779F}.Debug|Any CPU.Build.0 = Debug|Any CPU
		{CF873DFD-4E6C-4379-B8DD-D716A3C2779F}.Release|Any CPU.ActiveCfg = Release|Any CPU
		{CF873DFD-4E6C-4379-B8DD-D716A3C2779F}.Release|Any CPU.Build.0 = Release|Any CPU
	EndGlobalSection
	GlobalSection(SolutionProperties) = preSolution
		HideSolutionNode = FALSE
	EndGlobalSection
	GlobalSection(ExtensibilityGlobals) = postSolution
		SolutionGuid = {3852939C-89C4-47E0-8CCC-5BD235E61F78}
	EndGlobalSection
EndGlobal
